// !$*UTF8*$!
{
	archiveVersion = 1;
	classes = {
	};
	objectVersion = 50;
	objects = {

/* Begin PBXBuildFile section */
		86868ADD261AA5EF1BF6BA4E /* Pods_flixsterTests.framework in Frameworks */ = {isa = PBXBuildFile; fileRef = 12BA48E6DDA5530F927003D4 /* Pods_flixsterTests.framework */; };
		97297AEC25D340D90094CC54 /* AppDelegate.swift in Sources */ = {isa = PBXBuildFile; fileRef = 97297AEB25D340D90094CC54 /* AppDelegate.swift */; };
		97297AEE25D340D90094CC54 /* SceneDelegate.swift in Sources */ = {isa = PBXBuildFile; fileRef = 97297AED25D340D90094CC54 /* SceneDelegate.swift */; };
		97297AF325D340D90094CC54 /* Main.storyboard in Resources */ = {isa = PBXBuildFile; fileRef = 97297AF125D340D90094CC54 /* Main.storyboard */; };
		97297AF525D340DD0094CC54 /* Assets.xcassets in Resources */ = {isa = PBXBuildFile; fileRef = 97297AF425D340DD0094CC54 /* Assets.xcassets */; };
		97297AF825D340DD0094CC54 /* LaunchScreen.storyboard in Resources */ = {isa = PBXBuildFile; fileRef = 97297AF625D340DD0094CC54 /* LaunchScreen.storyboard */; };
		97297B0325D340DE0094CC54 /* flixsterTests.swift in Sources */ = {isa = PBXBuildFile; fileRef = 97297B0225D340DE0094CC54 /* flixsterTests.swift */; };
		97297B0E25D340DE0094CC54 /* flixsterUITests.swift in Sources */ = {isa = PBXBuildFile; fileRef = 97297B0D25D340DE0094CC54 /* flixsterUITests.swift */; };
		97297B1F25D35CEA0094CC54 /* MoviesViewController.swift in Sources */ = {isa = PBXBuildFile; fileRef = 97297B1E25D35CEA0094CC54 /* MoviesViewController.swift */; };
		979DA1EA25D5A81100B2EBED /* MovieCell.swift in Sources */ = {isa = PBXBuildFile; fileRef = 979DA1E925D5A81100B2EBED /* MovieCell.swift */; };
		9FF5E49BB421E7D8AF7B26AD /* Pods_flixster_flixsterUITests.framework in Frameworks */ = {isa = PBXBuildFile; fileRef = 7A9B360804F8CFA959DAC4B5 /* Pods_flixster_flixsterUITests.framework */; };
		A7A0DEF924875B9690A42D91 /* Pods_flixster.framework in Frameworks */ = {isa = PBXBuildFile; fileRef = 7287B838AB4ACBE74A9955A4 /* Pods_flixster.framework */; };
/* End PBXBuildFile section */

/* Begin PBXContainerItemProxy section */
		97297AFF25D340DE0094CC54 /* PBXContainerItemProxy */ = {
			isa = PBXContainerItemProxy;
			containerPortal = 97297AE025D340D90094CC54 /* Project object */;
			proxyType = 1;
			remoteGlobalIDString = 97297AE725D340D90094CC54;
			remoteInfo = flixster;
		};
		97297B0A25D340DE0094CC54 /* PBXContainerItemProxy */ = {
			isa = PBXContainerItemProxy;
			containerPortal = 97297AE025D340D90094CC54 /* Project object */;
			proxyType = 1;
			remoteGlobalIDString = 97297AE725D340D90094CC54;
			remoteInfo = flixster;
		};
/* End PBXContainerItemProxy section */

/* Begin PBXFileReference section */
		12BA48E6DDA5530F927003D4 /* Pods_flixsterTests.framework */ = {isa = PBXFileReference; explicitFileType = wrapper.framework; includeInIndex = 0; path = Pods_flixsterTests.framework; sourceTree = BUILT_PRODUCTS_DIR; };
		609C8D9347F92DF08A05BA02 /* Pods-flixster.release.xcconfig */ = {isa = PBXFileReference; includeInIndex = 1; lastKnownFileType = text.xcconfig; name = "Pods-flixster.release.xcconfig"; path = "Target Support Files/Pods-flixster/Pods-flixster.release.xcconfig"; sourceTree = "<group>"; };
		627781F68215AC417C2803F3 /* Pods-flixster-flixsterUITests.release.xcconfig */ = {isa = PBXFileReference; includeInIndex = 1; lastKnownFileType = text.xcconfig; name = "Pods-flixster-flixsterUITests.release.xcconfig"; path = "Target Support Files/Pods-flixster-flixsterUITests/Pods-flixster-flixsterUITests.release.xcconfig"; sourceTree = "<group>"; };
		7287B838AB4ACBE74A9955A4 /* Pods_flixster.framework */ = {isa = PBXFileReference; explicitFileType = wrapper.framework; includeInIndex = 0; path = Pods_flixster.framework; sourceTree = BUILT_PRODUCTS_DIR; };
		7A9B360804F8CFA959DAC4B5 /* Pods_flixster_flixsterUITests.framework */ = {isa = PBXFileReference; explicitFileType = wrapper.framework; includeInIndex = 0; path = Pods_flixster_flixsterUITests.framework; sourceTree = BUILT_PRODUCTS_DIR; };
		7E3AE14E292DFBDF8EE274FD /* Pods-flixster-flixsterUITests.debug.xcconfig */ = {isa = PBXFileReference; includeInIndex = 1; lastKnownFileType = text.xcconfig; name = "Pods-flixster-flixsterUITests.debug.xcconfig"; path = "Target Support Files/Pods-flixster-flixsterUITests/Pods-flixster-flixsterUITests.debug.xcconfig"; sourceTree = "<group>"; };
		819CAA716F83C3C1E224E2FA /* Pods-flixsterTests.debug.xcconfig */ = {isa = PBXFileReference; includeInIndex = 1; lastKnownFileType = text.xcconfig; name = "Pods-flixsterTests.debug.xcconfig"; path = "Target Support Files/Pods-flixsterTests/Pods-flixsterTests.debug.xcconfig"; sourceTree = "<group>"; };
		93B47FB0352D011227BBE6D0 /* Pods-flixster.debug.xcconfig */ = {isa = PBXFileReference; includeInIndex = 1; lastKnownFileType = text.xcconfig; name = "Pods-flixster.debug.xcconfig"; path = "Target Support Files/Pods-flixster/Pods-flixster.debug.xcconfig"; sourceTree = "<group>"; };
		97297AE825D340D90094CC54 /* flixster.app */ = {isa = PBXFileReference; explicitFileType = wrapper.application; includeInIndex = 0; path = flixster.app; sourceTree = BUILT_PRODUCTS_DIR; };
		97297AEB25D340D90094CC54 /* AppDelegate.swift */ = {isa = PBXFileReference; lastKnownFileType = sourcecode.swift; path = AppDelegate.swift; sourceTree = "<group>"; };
		97297AED25D340D90094CC54 /* SceneDelegate.swift */ = {isa = PBXFileReference; lastKnownFileType = sourcecode.swift; path = SceneDelegate.swift; sourceTree = "<group>"; };
		97297AF225D340D90094CC54 /* Base */ = {isa = PBXFileReference; lastKnownFileType = file.storyboard; name = Base; path = Base.lproj/Main.storyboard; sourceTree = "<group>"; };
		97297AF425D340DD0094CC54 /* Assets.xcassets */ = {isa = PBXFileReference; lastKnownFileType = folder.assetcatalog; path = Assets.xcassets; sourceTree = "<group>"; };
		97297AF725D340DD0094CC54 /* Base */ = {isa = PBXFileReference; lastKnownFileType = file.storyboard; name = Base; path = Base.lproj/LaunchScreen.storyboard; sourceTree = "<group>"; };
		97297AF925D340DD0094CC54 /* Info.plist */ = {isa = PBXFileReference; lastKnownFileType = text.plist.xml; path = Info.plist; sourceTree = "<group>"; };
		97297AFE25D340DE0094CC54 /* flixsterTests.xctest */ = {isa = PBXFileReference; explicitFileType = wrapper.cfbundle; includeInIndex = 0; path = flixsterTests.xctest; sourceTree = BUILT_PRODUCTS_DIR; };
		97297B0225D340DE0094CC54 /* flixsterTests.swift */ = {isa = PBXFileReference; lastKnownFileType = sourcecode.swift; path = flixsterTests.swift; sourceTree = "<group>"; };
		97297B0425D340DE0094CC54 /* Info.plist */ = {isa = PBXFileReference; lastKnownFileType = text.plist.xml; path = Info.plist; sourceTree = "<group>"; };
		97297B0925D340DE0094CC54 /* flixsterUITests.xctest */ = {isa = PBXFileReference; explicitFileType = wrapper.cfbundle; includeInIndex = 0; path = flixsterUITests.xctest; sourceTree = BUILT_PRODUCTS_DIR; };
		97297B0D25D340DE0094CC54 /* flixsterUITests.swift */ = {isa = PBXFileReference; lastKnownFileType = sourcecode.swift; path = flixsterUITests.swift; sourceTree = "<group>"; };
		97297B0F25D340DE0094CC54 /* Info.plist */ = {isa = PBXFileReference; lastKnownFileType = text.plist.xml; path = Info.plist; sourceTree = "<group>"; };
		97297B1E25D35CEA0094CC54 /* MoviesViewController.swift */ = {isa = PBXFileReference; lastKnownFileType = sourcecode.swift; path = MoviesViewController.swift; sourceTree = "<group>"; };
		979DA1E925D5A81100B2EBED /* MovieCell.swift */ = {isa = PBXFileReference; lastKnownFileType = sourcecode.swift; path = MovieCell.swift; sourceTree = "<group>"; };
		B6342074FF350102086E4D22 /* Pods-flixsterTests.release.xcconfig */ = {isa = PBXFileReference; includeInIndex = 1; lastKnownFileType = text.xcconfig; name = "Pods-flixsterTests.release.xcconfig"; path = "Target Support Files/Pods-flixsterTests/Pods-flixsterTests.release.xcconfig"; sourceTree = "<group>"; };
/* End PBXFileReference section */

/* Begin PBXFrameworksBuildPhase section */
		97297AE525D340D90094CC54 /* Frameworks */ = {
			isa = PBXFrameworksBuildPhase;
			buildActionMask = 2147483647;
			files = (
				A7A0DEF924875B9690A42D91 /* Pods_flixster.framework in Frameworks */,
			);
			runOnlyForDeploymentPostprocessing = 0;
		};
		97297AFB25D340DE0094CC54 /* Frameworks */ = {
			isa = PBXFrameworksBuildPhase;
			buildActionMask = 2147483647;
			files = (
				86868ADD261AA5EF1BF6BA4E /* Pods_flixsterTests.framework in Frameworks */,
			);
			runOnlyForDeploymentPostprocessing = 0;
		};
		97297B0625D340DE0094CC54 /* Frameworks */ = {
			isa = PBXFrameworksBuildPhase;
			buildActionMask = 2147483647;
			files = (
				9FF5E49BB421E7D8AF7B26AD /* Pods_flixster_flixsterUITests.framework in Frameworks */,
			);
			runOnlyForDeploymentPostprocessing = 0;
		};
/* End PBXFrameworksBuildPhase section */

/* Begin PBXGroup section */
		3DD124CB615615C54583BE17 /* Pods */ = {
			isa = PBXGroup;
			children = (
				93B47FB0352D011227BBE6D0 /* Pods-flixster.debug.xcconfig */,
				609C8D9347F92DF08A05BA02 /* Pods-flixster.release.xcconfig */,
				7E3AE14E292DFBDF8EE274FD /* Pods-flixster-flixsterUITests.debug.xcconfig */,
				627781F68215AC417C2803F3 /* Pods-flixster-flixsterUITests.release.xcconfig */,
				819CAA716F83C3C1E224E2FA /* Pods-flixsterTests.debug.xcconfig */,
				B6342074FF350102086E4D22 /* Pods-flixsterTests.release.xcconfig */,
			);
			name = Pods;
			path = Pods;
			sourceTree = "<group>";
		};
		97297ADF25D340D90094CC54 = {
			isa = PBXGroup;
			children = (
				97297AEA25D340D90094CC54 /* flixster */,
				97297B0125D340DE0094CC54 /* flixsterTests */,
				97297B0C25D340DE0094CC54 /* flixsterUITests */,
				97297AE925D340D90094CC54 /* Products */,
				3DD124CB615615C54583BE17 /* Pods */,
				D36441A7F9588C5F20225FCA /* Frameworks */,
			);
			sourceTree = "<group>";
		};
		97297AE925D340D90094CC54 /* Products */ = {
			isa = PBXGroup;
			children = (
				97297AE825D340D90094CC54 /* flixster.app */,
				97297AFE25D340DE0094CC54 /* flixsterTests.xctest */,
				97297B0925D340DE0094CC54 /* flixsterUITests.xctest */,
			);
			name = Products;
			sourceTree = "<group>";
		};
		97297AEA25D340D90094CC54 /* flixster */ = {
			isa = PBXGroup;
			children = (
				97297AEB25D340D90094CC54 /* AppDelegate.swift */,
				97297AED25D340D90094CC54 /* SceneDelegate.swift */,
				97297AF125D340D90094CC54 /* Main.storyboard */,
				979DA1E925D5A81100B2EBED /* MovieCell.swift */,
				97297AF425D340DD0094CC54 /* Assets.xcassets */,
				97297AF625D340DD0094CC54 /* LaunchScreen.storyboard */,
				97297AF925D340DD0094CC54 /* Info.plist */,
				97297B1E25D35CEA0094CC54 /* MoviesViewController.swift */,
			);
			path = flixster;
			sourceTree = "<group>";
		};
		97297B0125D340DE0094CC54 /* flixsterTests */ = {
			isa = PBXGroup;
			children = (
				97297B0225D340DE0094CC54 /* flixsterTests.swift */,
				97297B0425D340DE0094CC54 /* Info.plist */,
			);
			path = flixsterTests;
			sourceTree = "<group>";
		};
		97297B0C25D340DE0094CC54 /* flixsterUITests */ = {
			isa = PBXGroup;
			children = (
				97297B0D25D340DE0094CC54 /* flixsterUITests.swift */,
				97297B0F25D340DE0094CC54 /* Info.plist */,
			);
			path = flixsterUITests;
			sourceTree = "<group>";
		};
		D36441A7F9588C5F20225FCA /* Frameworks */ = {
			isa = PBXGroup;
			children = (
				7287B838AB4ACBE74A9955A4 /* Pods_flixster.framework */,
				7A9B360804F8CFA959DAC4B5 /* Pods_flixster_flixsterUITests.framework */,
				12BA48E6DDA5530F927003D4 /* Pods_flixsterTests.framework */,
			);
			name = Frameworks;
			sourceTree = "<group>";
		};
/* End PBXGroup section */

/* Begin PBXNativeTarget section */
		97297AE725D340D90094CC54 /* flixster */ = {
			isa = PBXNativeTarget;
			buildConfigurationList = 97297B1225D340DE0094CC54 /* Build configuration list for PBXNativeTarget "flixster" */;
			buildPhases = (
				2FD05F0C95958744D664A0C3 /* [CP] Check Pods Manifest.lock */,
				97297AE425D340D90094CC54 /* Sources */,
				97297AE525D340D90094CC54 /* Frameworks */,
				97297AE625D340D90094CC54 /* Resources */,
				C456073A8E7133C8F100E919 /* [CP] Embed Pods Frameworks */,
			);
			buildRules = (
			);
			dependencies = (
			);
			name = flixster;
			productName = flixster;
			productReference = 97297AE825D340D90094CC54 /* flixster.app */;
			productType = "com.apple.product-type.application";
		};
		97297AFD25D340DE0094CC54 /* flixsterTests */ = {
			isa = PBXNativeTarget;
			buildConfigurationList = 97297B1525D340DE0094CC54 /* Build configuration list for PBXNativeTarget "flixsterTests" */;
			buildPhases = (
				C2610F84C6BA8AC19A21FFD4 /* [CP] Check Pods Manifest.lock */,
				97297AFA25D340DE0094CC54 /* Sources */,
				97297AFB25D340DE0094CC54 /* Frameworks */,
				97297AFC25D340DE0094CC54 /* Resources */,
			);
			buildRules = (
			);
			dependencies = (
				97297B0025D340DE0094CC54 /* PBXTargetDependency */,
			);
			name = flixsterTests;
			productName = flixsterTests;
			productReference = 97297AFE25D340DE0094CC54 /* flixsterTests.xctest */;
			productType = "com.apple.product-type.bundle.unit-test";
		};
		97297B0825D340DE0094CC54 /* flixsterUITests */ = {
			isa = PBXNativeTarget;
			buildConfigurationList = 97297B1825D340DE0094CC54 /* Build configuration list for PBXNativeTarget "flixsterUITests" */;
			buildPhases = (
				951F803BF7B68B66CC0D3048 /* [CP] Check Pods Manifest.lock */,
				97297B0525D340DE0094CC54 /* Sources */,
				97297B0625D340DE0094CC54 /* Frameworks */,
				97297B0725D340DE0094CC54 /* Resources */,
				3BC6BF2F2EF28BBB66DCDD12 /* [CP] Embed Pods Frameworks */,
			);
			buildRules = (
			);
			dependencies = (
				97297B0B25D340DE0094CC54 /* PBXTargetDependency */,
			);
			name = flixsterUITests;
			productName = flixsterUITests;
			productReference = 97297B0925D340DE0094CC54 /* flixsterUITests.xctest */;
			productType = "com.apple.product-type.bundle.ui-testing";
		};
/* End PBXNativeTarget section */

/* Begin PBXProject section */
		97297AE025D340D90094CC54 /* Project object */ = {
			isa = PBXProject;
			attributes = {
				LastSwiftUpdateCheck = 1220;
				LastUpgradeCheck = 1220;
				TargetAttributes = {
					97297AE725D340D90094CC54 = {
						CreatedOnToolsVersion = 12.2;
					};
					97297AFD25D340DE0094CC54 = {
						CreatedOnToolsVersion = 12.2;
						TestTargetID = 97297AE725D340D90094CC54;
					};
					97297B0825D340DE0094CC54 = {
						CreatedOnToolsVersion = 12.2;
						TestTargetID = 97297AE725D340D90094CC54;
					};
				};
			};
			buildConfigurationList = 97297AE325D340D90094CC54 /* Build configuration list for PBXProject "flixster" */;
			compatibilityVersion = "Xcode 9.3";
			developmentRegion = en;
			hasScannedForEncodings = 0;
			knownRegions = (
				en,
				Base,
			);
			mainGroup = 97297ADF25D340D90094CC54;
			productRefGroup = 97297AE925D340D90094CC54 /* Products */;
			projectDirPath = "";
			projectRoot = "";
			targets = (
				97297AE725D340D90094CC54 /* flixster */,
				97297AFD25D340DE0094CC54 /* flixsterTests */,
				97297B0825D340DE0094CC54 /* flixsterUITests */,
			);
		};
/* End PBXProject section */

/* Begin PBXResourcesBuildPhase section */
		97297AE625D340D90094CC54 /* Resources */ = {
			isa = PBXResourcesBuildPhase;
			buildActionMask = 2147483647;
			files = (
				97297AF825D340DD0094CC54 /* LaunchScreen.storyboard in Resources */,
				97297AF525D340DD0094CC54 /* Assets.xcassets in Resources */,
				97297AF325D340D90094CC54 /* Main.storyboard in Resources */,
			);
			runOnlyForDeploymentPostprocessing = 0;
		};
		97297AFC25D340DE0094CC54 /* Resources */ = {
			isa = PBXResourcesBuildPhase;
			buildActionMask = 2147483647;
			files = (
			);
			runOnlyForDeploymentPostprocessing = 0;
		};
		97297B0725D340DE0094CC54 /* Resources */ = {
			isa = PBXResourcesBuildPhase;
			buildActionMask = 2147483647;
			files = (
			);
			runOnlyForDeploymentPostprocessing = 0;
		};
/* End PBXResourcesBuildPhase section */

/* Begin PBXShellScriptBuildPhase section */
		2FD05F0C95958744D664A0C3 /* [CP] Check Pods Manifest.lock */ = {
			isa = PBXShellScriptBuildPhase;
			buildActionMask = 2147483647;
			files = (
			);
			inputFileListPaths = (
			);
			inputPaths = (
				"${PODS_PODFILE_DIR_PATH}/Podfile.lock",
				"${PODS_ROOT}/Manifest.lock",
			);
			name = "[CP] Check Pods Manifest.lock";
			outputFileListPaths = (
			);
			outputPaths = (
				"$(DERIVED_FILE_DIR)/Pods-flixster-checkManifestLockResult.txt",
			);
			runOnlyForDeploymentPostprocessing = 0;
			shellPath = /bin/sh;
			shellScript = "diff \"${PODS_PODFILE_DIR_PATH}/Podfile.lock\" \"${PODS_ROOT}/Manifest.lock\" > /dev/null\nif [ $? != 0 ] ; then\n    # print error to STDERR\n    echo \"error: The sandbox is not in sync with the Podfile.lock. Run 'pod install' or update your CocoaPods installation.\" >&2\n    exit 1\nfi\n# This output is used by Xcode 'outputs' to avoid re-running this script phase.\necho \"SUCCESS\" > \"${SCRIPT_OUTPUT_FILE_0}\"\n";
			showEnvVarsInLog = 0;
		};
		3BC6BF2F2EF28BBB66DCDD12 /* [CP] Embed Pods Frameworks */ = {
			isa = PBXShellScriptBuildPhase;
			buildActionMask = 2147483647;
			files = (
			);
			inputFileListPaths = (
				"${PODS_ROOT}/Target Support Files/Pods-flixster-flixsterUITests/Pods-flixster-flixsterUITests-frameworks-${CONFIGURATION}-input-files.xcfilelist",
			);
			name = "[CP] Embed Pods Frameworks";
			outputFileListPaths = (
				"${PODS_ROOT}/Target Support Files/Pods-flixster-flixsterUITests/Pods-flixster-flixsterUITests-frameworks-${CONFIGURATION}-output-files.xcfilelist",
			);
			runOnlyForDeploymentPostprocessing = 0;
			shellPath = /bin/sh;
			shellScript = "\"${PODS_ROOT}/Target Support Files/Pods-flixster-flixsterUITests/Pods-flixster-flixsterUITests-frameworks.sh\"\n";
			showEnvVarsInLog = 0;
		};
		951F803BF7B68B66CC0D3048 /* [CP] Check Pods Manifest.lock */ = {
			isa = PBXShellScriptBuildPhase;
			buildActionMask = 2147483647;
			files = (
			);
			inputFileListPaths = (
			);
			inputPaths = (
				"${PODS_PODFILE_DIR_PATH}/Podfile.lock",
				"${PODS_ROOT}/Manifest.lock",
			);
			name = "[CP] Check Pods Manifest.lock";
			outputFileListPaths = (
			);
			outputPaths = (
				"$(DERIVED_FILE_DIR)/Pods-flixster-flixsterUITests-checkManifestLockResult.txt",
			);
			runOnlyForDeploymentPostprocessing = 0;
			shellPath = /bin/sh;
			shellScript = "diff \"${PODS_PODFILE_DIR_PATH}/Podfile.lock\" \"${PODS_ROOT}/Manifest.lock\" > /dev/null\nif [ $? != 0 ] ; then\n    # print error to STDERR\n    echo \"error: The sandbox is not in sync with the Podfile.lock. Run 'pod install' or update your CocoaPods installation.\" >&2\n    exit 1\nfi\n# This output is used by Xcode 'outputs' to avoid re-running this script phase.\necho \"SUCCESS\" > \"${SCRIPT_OUTPUT_FILE_0}\"\n";
			showEnvVarsInLog = 0;
		};
		C2610F84C6BA8AC19A21FFD4 /* [CP] Check Pods Manifest.lock */ = {
			isa = PBXShellScriptBuildPhase;
			buildActionMask = 2147483647;
			files = (
			);
			inputFileListPaths = (
			);
			inputPaths = (
				"${PODS_PODFILE_DIR_PATH}/Podfile.lock",
				"${PODS_ROOT}/Manifest.lock",
			);
			name = "[CP] Check Pods Manifest.lock";
			outputFileListPaths = (
			);
			outputPaths = (
				"$(DERIVED_FILE_DIR)/Pods-flixsterTests-checkManifestLockResult.txt",
			);
			runOnlyForDeploymentPostprocessing = 0;
			shellPath = /bin/sh;
			shellScript = "diff \"${PODS_PODFILE_DIR_PATH}/Podfile.lock\" \"${PODS_ROOT}/Manifest.lock\" > /dev/null\nif [ $? != 0 ] ; then\n    # print error to STDERR\n    echo \"error: The sandbox is not in sync with the Podfile.lock. Run 'pod install' or update your CocoaPods installation.\" >&2\n    exit 1\nfi\n# This output is used by Xcode 'outputs' to avoid re-running this script phase.\necho \"SUCCESS\" > \"${SCRIPT_OUTPUT_FILE_0}\"\n";
			showEnvVarsInLog = 0;
		};
		C456073A8E7133C8F100E919 /* [CP] Embed Pods Frameworks */ = {
			isa = PBXShellScriptBuildPhase;
			buildActionMask = 2147483647;
			files = (
			);
			inputFileListPaths = (
				"${PODS_ROOT}/Target Support Files/Pods-flixster/Pods-flixster-frameworks-${CONFIGURATION}-input-files.xcfilelist",
			);
			name = "[CP] Embed Pods Frameworks";
			outputFileListPaths = (
				"${PODS_ROOT}/Target Support Files/Pods-flixster/Pods-flixster-frameworks-${CONFIGURATION}-output-files.xcfilelist",
			);
			runOnlyForDeploymentPostprocessing = 0;
			shellPath = /bin/sh;
			shellScript = "\"${PODS_ROOT}/Target Support Files/Pods-flixster/Pods-flixster-frameworks.sh\"\n";
			showEnvVarsInLog = 0;
		};
/* End PBXShellScriptBuildPhase section */

/* Begin PBXSourcesBuildPhase section */
		97297AE425D340D90094CC54 /* Sources */ = {
			isa = PBXSourcesBuildPhase;
			buildActionMask = 2147483647;
			files = (
				97297AEC25D340D90094CC54 /* AppDelegate.swift in Sources */,
				97297AEE25D340D90094CC54 /* SceneDelegate.swift in Sources */,
				979DA1EA25D5A81100B2EBED /* MovieCell.swift in Sources */,
				97297B1F25D35CEA0094CC54 /* MoviesViewController.swift in Sources */,
			);
			runOnlyForDeploymentPostprocessing = 0;
		};
		97297AFA25D340DE0094CC54 /* Sources */ = {
			isa = PBXSourcesBuildPhase;
			buildActionMask = 2147483647;
			files = (
				97297B0325D340DE0094CC54 /* flixsterTests.swift in Sources */,
			);
			runOnlyForDeploymentPostprocessing = 0;
		};
		97297B0525D340DE0094CC54 /* Sources */ = {
			isa = PBXSourcesBuildPhase;
			buildActionMask = 2147483647;
			files = (
				97297B0E25D340DE0094CC54 /* flixsterUITests.swift in Sources */,
			);
			runOnlyForDeploymentPostprocessing = 0;
		};
/* End PBXSourcesBuildPhase section */

/* Begin PBXTargetDependency section */
		97297B0025D340DE0094CC54 /* PBXTargetDependency */ = {
			isa = PBXTargetDependency;
			target = 97297AE725D340D90094CC54 /* flixster */;
			targetProxy = 97297AFF25D340DE0094CC54 /* PBXContainerItemProxy */;
		};
		97297B0B25D340DE0094CC54 /* PBXTargetDependency */ = {
			isa = PBXTargetDependency;
			target = 97297AE725D340D90094CC54 /* flixster */;
			targetProxy = 97297B0A25D340DE0094CC54 /* PBXContainerItemProxy */;
		};
/* End PBXTargetDependency section */

/* Begin PBXVariantGroup section */
		97297AF125D340D90094CC54 /* Main.storyboard */ = {
			isa = PBXVariantGroup;
			children = (
				97297AF225D340D90094CC54 /* Base */,
			);
			name = Main.storyboard;
			sourceTree = "<group>";
		};
		97297AF625D340DD0094CC54 /* LaunchScreen.storyboard */ = {
			isa = PBXVariantGroup;
			children = (
				97297AF725D340DD0094CC54 /* Base */,
			);
			name = LaunchScreen.storyboard;
			sourceTree = "<group>";
		};
/* End PBXVariantGroup section */

/* Begin XCBuildConfiguration section */
		97297B1025D340DE0094CC54 /* Debug */ = {
			isa = XCBuildConfiguration;
			buildSettings = {
				ALWAYS_SEARCH_USER_PATHS = NO;
				CLANG_ANALYZER_NONNULL = YES;
				CLANG_ANALYZER_NUMBER_OBJECT_CONVERSION = YES_AGGRESSIVE;
				CLANG_CXX_LANGUAGE_STANDARD = "gnu++14";
				CLANG_CXX_LIBRARY = "libc++";
				CLANG_ENABLE_MODULES = YES;
				CLANG_ENABLE_OBJC_ARC = YES;
				CLANG_ENABLE_OBJC_WEAK = YES;
				CLANG_WARN_BLOCK_CAPTURE_AUTORELEASING = YES;
				CLANG_WARN_BOOL_CONVERSION = YES;
				CLANG_WARN_COMMA = YES;
				CLANG_WARN_CONSTANT_CONVERSION = YES;
				CLANG_WARN_DEPRECATED_OBJC_IMPLEMENTATIONS = YES;
				CLANG_WARN_DIRECT_OBJC_ISA_USAGE = YES_ERROR;
				CLANG_WARN_DOCUMENTATION_COMMENTS = YES;
				CLANG_WARN_EMPTY_BODY = YES;
				CLANG_WARN_ENUM_CONVERSION = YES;
				CLANG_WARN_INFINITE_RECURSION = YES;
				CLANG_WARN_INT_CONVERSION = YES;
				CLANG_WARN_NON_LITERAL_NULL_CONVERSION = YES;
				CLANG_WARN_OBJC_IMPLICIT_RETAIN_SELF = YES;
				CLANG_WARN_OBJC_LITERAL_CONVERSION = YES;
				CLANG_WARN_OBJC_ROOT_CLASS = YES_ERROR;
				CLANG_WARN_QUOTED_INCLUDE_IN_FRAMEWORK_HEADER = YES;
				CLANG_WARN_RANGE_LOOP_ANALYSIS = YES;
				CLANG_WARN_STRICT_PROTOTYPES = YES;
				CLANG_WARN_SUSPICIOUS_MOVE = YES;
				CLANG_WARN_UNGUARDED_AVAILABILITY = YES_AGGRESSIVE;
				CLANG_WARN_UNREACHABLE_CODE = YES;
				CLANG_WARN__DUPLICATE_METHOD_MATCH = YES;
				COPY_PHASE_STRIP = NO;
				DEBUG_INFORMATION_FORMAT = dwarf;
				ENABLE_STRICT_OBJC_MSGSEND = YES;
				ENABLE_TESTABILITY = YES;
				GCC_C_LANGUAGE_STANDARD = gnu11;
				GCC_DYNAMIC_NO_PIC = NO;
				GCC_NO_COMMON_BLOCKS = YES;
				GCC_OPTIMIZATION_LEVEL = 0;
				GCC_PREPROCESSOR_DEFINITIONS = (
					"DEBUG=1",
					"$(inherited)",
				);
				GCC_WARN_64_TO_32_BIT_CONVERSION = YES;
				GCC_WARN_ABOUT_RETURN_TYPE = YES_ERROR;
				GCC_WARN_UNDECLARED_SELECTOR = YES;
				GCC_WARN_UNINITIALIZED_AUTOS = YES_AGGRESSIVE;
				GCC_WARN_UNUSED_FUNCTION = YES;
				GCC_WARN_UNUSED_VARIABLE = YES;
				IPHONEOS_DEPLOYMENT_TARGET = 14.2;
				MTL_ENABLE_DEBUG_INFO = INCLUDE_SOURCE;
				MTL_FAST_MATH = YES;
				ONLY_ACTIVE_ARCH = YES;
				SDKROOT = iphoneos;
				SWIFT_ACTIVE_COMPILATION_CONDITIONS = DEBUG;
				SWIFT_OPTIMIZATION_LEVEL = "-Onone";
			};
			name = Debug;
		};
		97297B1125D340DE0094CC54 /* Release */ = {
			isa = XCBuildConfiguration;
			buildSettings = {
				ALWAYS_SEARCH_USER_PATHS = NO;
				CLANG_ANALYZER_NONNULL = YES;
				CLANG_ANALYZER_NUMBER_OBJECT_CONVERSION = YES_AGGRESSIVE;
				CLANG_CXX_LANGUAGE_STANDARD = "gnu++14";
				CLANG_CXX_LIBRARY = "libc++";
				CLANG_ENABLE_MODULES = YES;
				CLANG_ENABLE_OBJC_ARC = YES;
				CLANG_ENABLE_OBJC_WEAK = YES;
				CLANG_WARN_BLOCK_CAPTURE_AUTORELEASING = YES;
				CLANG_WARN_BOOL_CONVERSION = YES;
				CLANG_WARN_COMMA = YES;
				CLANG_WARN_CONSTANT_CONVERSION = YES;
				CLANG_WARN_DEPRECATED_OBJC_IMPLEMENTATIONS = YES;
				CLANG_WARN_DIRECT_OBJC_ISA_USAGE = YES_ERROR;
				CLANG_WARN_DOCUMENTATION_COMMENTS = YES;
				CLANG_WARN_EMPTY_BODY = YES;
				CLANG_WARN_ENUM_CONVERSION = YES;
				CLANG_WARN_INFINITE_RECURSION = YES;
				CLANG_WARN_INT_CONVERSION = YES;
				CLANG_WARN_NON_LITERAL_NULL_CONVERSION = YES;
				CLANG_WARN_OBJC_IMPLICIT_RETAIN_SELF = YES;
				CLANG_WARN_OBJC_LITERAL_CONVERSION = YES;
				CLANG_WARN_OBJC_ROOT_CLASS = YES_ERROR;
				CLANG_WARN_QUOTED_INCLUDE_IN_FRAMEWORK_HEADER = YES;
				CLANG_WARN_RANGE_LOOP_ANALYSIS = YES;
				CLANG_WARN_STRICT_PROTOTYPES = YES;
				CLANG_WARN_SUSPICIOUS_MOVE = YES;
				CLANG_WARN_UNGUARDED_AVAILABILITY = YES_AGGRESSIVE;
				CLANG_WARN_UNREACHABLE_CODE = YES;
				CLANG_WARN__DUPLICATE_METHOD_MATCH = YES;
				COPY_PHASE_STRIP = NO;
				DEBUG_INFORMATION_FORMAT = "dwarf-with-dsym";
				ENABLE_NS_ASSERTIONS = NO;
				ENABLE_STRICT_OBJC_MSGSEND = YES;
				GCC_C_LANGUAGE_STANDARD = gnu11;
				GCC_NO_COMMON_BLOCKS = YES;
				GCC_WARN_64_TO_32_BIT_CONVERSION = YES;
				GCC_WARN_ABOUT_RETURN_TYPE = YES_ERROR;
				GCC_WARN_UNDECLARED_SELECTOR = YES;
				GCC_WARN_UNINITIALIZED_AUTOS = YES_AGGRESSIVE;
				GCC_WARN_UNUSED_FUNCTION = YES;
				GCC_WARN_UNUSED_VARIABLE = YES;
				IPHONEOS_DEPLOYMENT_TARGET = 14.2;
				MTL_ENABLE_DEBUG_INFO = NO;
				MTL_FAST_MATH = YES;
				SDKROOT = iphoneos;
				SWIFT_COMPILATION_MODE = wholemodule;
				SWIFT_OPTIMIZATION_LEVEL = "-O";
				VALIDATE_PRODUCT = YES;
			};
			name = Release;
		};
		97297B1325D340DE0094CC54 /* Debug */ = {
			isa = XCBuildConfiguration;
			baseConfigurationReference = 93B47FB0352D011227BBE6D0 /* Pods-flixster.debug.xcconfig */;
			buildSettings = {
				ASSETCATALOG_COMPILER_APPICON_NAME = AppIcon;
				ASSETCATALOG_COMPILER_GLOBAL_ACCENT_COLOR_NAME = AccentColor;
				CODE_SIGN_STYLE = Automatic;
				DEVELOPMENT_TEAM = 262XHZVX75;
				INFOPLIST_FILE = flixster/Info.plist;
				LD_RUNPATH_SEARCH_PATHS = (
					"$(inherited)",
					"@executable_path/Frameworks",
				);
				PRODUCT_BUNDLE_IDENTIFIER = feizza615.flixster;
				PRODUCT_NAME = "$(TARGET_NAME)";
				SWIFT_VERSION = 5.0;
				TARGETED_DEVICE_FAMILY = "1,2";
			};
			name = Debug;
		};
		97297B1425D340DE0094CC54 /* Release */ = {
			isa = XCBuildConfiguration;
			baseConfigurationReference = 609C8D9347F92DF08A05BA02 /* Pods-flixster.release.xcconfig */;
			buildSettings = {
				ASSETCATALOG_COMPILER_APPICON_NAME = AppIcon;
				ASSETCATALOG_COMPILER_GLOBAL_ACCENT_COLOR_NAME = AccentColor;
				CODE_SIGN_STYLE = Automatic;
				DEVELOPMENT_TEAM = 262XHZVX75;
				INFOPLIST_FILE = flixster/Info.plist;
				LD_RUNPATH_SEARCH_PATHS = (
					"$(inherited)",
					"@executable_path/Frameworks",
				);
				PRODUCT_BUNDLE_IDENTIFIER = feizza615.flixster;
				PRODUCT_NAME = "$(TARGET_NAME)";
				SWIFT_VERSION = 5.0;
				TARGETED_DEVICE_FAMILY = "1,2";
			};
			name = Release;
		};
		97297B1625D340DE0094CC54 /* Debug */ = {
			isa = XCBuildConfiguration;
			baseConfigurationReference = 819CAA716F83C3C1E224E2FA /* Pods-flixsterTests.debug.xcconfig */;
			buildSettings = {
				ALWAYS_EMBED_SWIFT_STANDARD_LIBRARIES = YES;
				BUNDLE_LOADER = "$(TEST_HOST)";
				CODE_SIGN_STYLE = Automatic;
				DEVELOPMENT_TEAM = 262XHZVX75;
				INFOPLIST_FILE = flixsterTests/Info.plist;
				IPHONEOS_DEPLOYMENT_TARGET = 14.2;
				LD_RUNPATH_SEARCH_PATHS = (
					"$(inherited)",
					"@executable_path/Frameworks",
					"@loader_path/Frameworks",
				);
				PRODUCT_BUNDLE_IDENTIFIER = feizza615.flixsterTests;
				PRODUCT_NAME = "$(TARGET_NAME)";
				SWIFT_VERSION = 5.0;
				TARGETED_DEVICE_FAMILY = "1,2";
				TEST_HOST = "$(BUILT_PRODUCTS_DIR)/flixster.app/flixster";
			};
			name = Debug;
		};
		97297B1725D340DE0094CC54 /* Release */ = {
			isa = XCBuildConfiguration;
			baseConfigurationReference = B6342074FF350102086E4D22 /* Pods-flixsterTests.release.xcconfig */;
			buildSettings = {
				ALWAYS_EMBED_SWIFT_STANDARD_LIBRARIES = YES;
				BUNDLE_LOADER = "$(TEST_HOST)";
				CODE_SIGN_STYLE = Automatic;
				DEVELOPMENT_TEAM = 262XHZVX75;
				INFOPLIST_FILE = flixsterTests/Info.plist;
				IPHONEOS_DEPLOYMENT_TARGET = 14.2;
				LD_RUNPATH_SEARCH_PATHS = (
					"$(inherited)",
					"@executable_path/Frameworks",
					"@loader_path/Frameworks",
				);
				PRODUCT_BUNDLE_IDENTIFIER = feizza615.flixsterTests;
				PRODUCT_NAME = "$(TARGET_NAME)";
				SWIFT_VERSION = 5.0;
				TARGETED_DEVICE_FAMILY = "1,2";
				TEST_HOST = "$(BUILT_PRODUCTS_DIR)/flixster.app/flixster";
			};
			name = Release;
		};
		97297B1925D340DE0094CC54 /* Debug */ = {
			isa = XCBuildConfiguration;
			baseConfigurationReference = 7E3AE14E292DFBDF8EE274FD /* Pods-flixster-flixsterUITests.debug.xcconfig */;
			buildSettings = {
				ALWAYS_EMBED_SWIFT_STANDARD_LIBRARIES = YES;
				CODE_SIGN_STYLE = Automatic;
				DEVELOPMENT_TEAM = 262XHZVX75;
				INFOPLIST_FILE = flixsterUITests/Info.plist;
				LD_RUNPATH_SEARCH_PATHS = (
					"$(inherited)",
					"@executable_path/Frameworks",
					"@loader_path/Frameworks",
				);
				PRODUCT_BUNDLE_IDENTIFIER = feizza615.flixsterUITests;
				PRODUCT_NAME = "$(TARGET_NAME)";
				SWIFT_VERSION = 5.0;
				TARGETED_DEVICE_FAMILY = "1,2";
				TEST_TARGET_NAME = flixster;
			};
			name = Debug;
		};
		97297B1A25D340DE0094CC54 /* Release */ = {
			isa = XCBuildConfiguration;
			baseConfigurationReference = 627781F68215AC417C2803F3 /* Pods-flixster-flixsterUITests.release.xcconfig */;
			buildSettings = {
				ALWAYS_EMBED_SWIFT_STANDARD_LIBRARIES = YES;
				CODE_SIGN_STYLE = Automatic;
				DEVELOPMENT_TEAM = 262XHZVX75;
				INFOPLIST_FILE = flixsterUITests/Info.plist;
				LD_RUNPATH_SEARCH_PATHS = (
					"$(inherited)",
					"@executable_path/Frameworks",
					"@loader_path/Frameworks",
				);
				PRODUCT_BUNDLE_IDENTIFIER = feizza615.flixsterUITests;
				PRODUCT_NAME = "$(TARGET_NAME)";
				SWIFT_VERSION = 5.0;
				TARGETED_DEVICE_FAMILY = "1,2";
				TEST_TARGET_NAME = flixster;
			};
			name = Release;
		};
/* End XCBuildConfiguration section */

/* Begin XCConfigurationList section */
		97297AE325D340D90094CC54 /* Build configuration list for PBXProject "flixster" */ = {
			isa = XCConfigurationList;
			buildConfigurations = (
				97297B1025D340DE0094CC54 /* Debug */,
				97297B1125D340DE0094CC54 /* Release */,
			);
			defaultConfigurationIsVisible = 0;
			defaultConfigurationName = Release;
		};
		97297B1225D340DE0094CC54 /* Build configuration list for PBXNativeTarget "flixster" */ = {
			isa = XCConfigurationList;
			buildConfigurations = (
				97297B1325D340DE0094CC54 /* Debug */,
				97297B1425D340DE0094CC54 /* Release */,
			);
			defaultConfigurationIsVisible = 0;
			defaultConfigurationName = Release;
		};
		97297B1525D340DE0094CC54 /* Build configuration list for PBXNativeTarget "flixsterTests" */ = {
			isa = XCConfigurationList;
			buildConfigurations = (
				97297B1625D340DE0094CC54 /* Debug */,
				97297B1725D340DE0094CC54 /* Release */,
			);
			defaultConfigurationIsVisible = 0;
			defaultConfigurationName = Release;
		};
		97297B1825D340DE0094CC54 /* Build configuration list for PBXNativeTarget "flixsterUITests" */ = {
			isa = XCConfigurationList;
			buildConfigurations = (
				97297B1925D340DE0094CC54 /* Debug */,
				97297B1A25D340DE0094CC54 /* Release */,
			);
			defaultConfigurationIsVisible = 0;
			defaultConfigurationName = Release;
		};
/* End XCConfigurationList section */
	};
	rootObject = 97297AE025D340D90094CC54 /* Project object */;
}
